
Microsoft Visual Studio Solution File, Format Version 12.00
# Visual Studio 15
VisualStudioVersion = 15.0.27004.2010
MinimumVisualStudioVersion = 10.0.40219.1
Project("{9A19103F-16F7-4668-BE54-9A1E7A4F7556}") = "iikoTransport.SbpService", "iikoTransport.SbpService\iikoTransport.SbpService.csproj", "{194F970F-CAFA-48C1-8888-BDB2BF6CD587}"
EndProject
Project("{FAE04EC0-301F-11D3-BF4B-00C04F79EFBC}") = "iikoTransport.SbpService.Client.Scheduler", "iikoTransport.SbpService.Client.Scheduler\iikoTransport.SbpService.Client.Scheduler.csproj", "{D8F5C712-FD15-453F-8FDF-08207447C1D6}"
EndProject
Project("{FAE04EC0-301F-11D3-BF4B-00C04F79EFBC}") = "iikoTransport.SbpService.Contracts.FrontPlugin", "iikoTransport.SbpService.Contracts.FrontPlugin\iikoTransport.SbpService.Contracts.FrontPlugin.csproj", "{47961BF8-22B6-43DB-8C25-92A1391A4FBE}"
EndProject
Project("{FAE04EC0-301F-11D3-BF4B-00C04F79EFBC}") = "iikoTransport.SbpService.Client.PublicApi", "iikoTransport.SbpService.Client.PublicApi\iikoTransport.SbpService.Client.PublicApi.csproj", "{65B91DFB-26E5-4491-A57B-3C40B7BCEB14}"
EndProject
Project("{FAE04EC0-301F-11D3-BF4B-00C04F79EFBC}") = "iikoTransport.SbpService.Contracts.PublicApi", "iikoTransport.SbpService.Contracts.PublicApi\iikoTransport.SbpService.Contracts.PublicApi.csproj", "{7AC44784-177E-4FA7-92B0-0931D3AB2A7F}"
EndProject
Global
	GlobalSection(SolutionConfigurationPlatforms) = preSolution
		Debug|Any CPU = Debug|Any CPU
		Release|Any CPU = Release|Any CPU
	EndGlobalSection
	GlobalSection(ProjectConfigurationPlatforms) = postSolution
		{194F970F-CAFA-48C1-8888-BDB2BF6CD587}.Debug|Any CPU.ActiveCfg = Debug|Any CPU
		{194F970F-CAFA-48C1-8888-BDB2BF6CD587}.Debug|Any CPU.Build.0 = Debug|Any CPU
		{194F970F-CAFA-48C1-8888-BDB2BF6CD587}.Release|Any CPU.ActiveCfg = Release|Any CPU
		{194F970F-CAFA-48C1-8888-BDB2BF6CD587}.Release|Any CPU.Build.0 = Release|Any CPU
		{D8F5C712-FD15-453F-8FDF-08207447C1D6}.Debug|Any CPU.ActiveCfg = Debug|Any CPU
		{D8F5C712-FD15-453F-8FDF-08207447C1D6}.Debug|Any CPU.Build.0 = Debug|Any CPU
		{D8F5C712-FD15-453F-8FDF-08207447C1D6}.Release|Any CPU.ActiveCfg = Release|Any CPU
		{D8F5C712-FD15-453F-8FDF-08207447C1D6}.Release|Any CPU.Build.0 = Release|Any CPU
		{47961BF8-22B6-43DB-8C25-92A1391A4FBE}.Debug|Any CPU.ActiveCfg = Debug|Any CPU
		{47961BF8-22B6-43DB-8C25-92A1391A4FBE}.Debug|Any CPU.Build.0 = Debug|Any CPU
		{47961BF8-22B6-43DB-8C25-92A1391A4FBE}.Release|Any CPU.ActiveCfg = Release|Any CPU
		{47961BF8-22B6-43DB-8C25-92A1391A4FBE}.Release|Any CPU.Build.0 = Release|Any CPU
		{65B91DFB-26E5-4491-A57B-3C40B7BCEB14}.Debug|Any CPU.ActiveCfg = Debug|Any CPU
		{65B91DFB-26E5-4491-A57B-3C40B7BCEB14}.Debug|Any CPU.Build.0 = Debug|Any CPU
		{65B91DFB-26E5-4491-A57B-3C40B7BCEB14}.Release|Any CPU.ActiveCfg = Release|Any CPU
		{65B91DFB-26E5-4491-A57B-3C40B7BCEB14}.Release|Any CPU.Build.0 = Release|Any CPU
		{7AC44784-177E-4FA7-92B0-0931D3AB2A7F}.Debug|Any CPU.ActiveCfg = Debug|Any CPU
		{7AC44784-177E-4FA7-92B0-0931D3AB2A7F}.Debug|Any CPU.Build.0 = Debug|Any CPU
		{7AC44784-177E-4FA7-92B0-0931D3AB2A7F}.Release|Any CPU.ActiveCfg = Release|Any CPU
		{7AC44784-177E-4FA7-92B0-0931D3AB2A7F}.Release|Any CPU.Build.0 = Release|Any CPU
	EndGlobalSection
	GlobalSection(SolutionProperties) = preSolution
		HideSolutionNode = FALSE
	EndGlobalSection
	GlobalSection(ExtensibilityGlobals) = postSolution
		SolutionGuid = {37D65340-D8B1-4D7C-96C2-07DB8581C849}
	EndGlobalSection
EndGlobal
